
Microsoft Visual Studio Solution File, Format Version 12.00
# Visual Studio Version 17
VisualStudioVersion = 17.3.32825.248
MinimumVisualStudioVersion = 10.0.40219.1
Project("{FAE04EC0-301F-11D3-BF4B-00C04F79EFBC}") = "WebApplication4", "WebApplication4\WebApplication4.csproj", "{AC47EFF7-5719-44A7-ABC9-1F26F249068A}"
EndProject
Global
	GlobalSection(SolutionConfigurationPlatforms) = preSolution
		Debug|Any CPU = Debug|Any CPU
		Release|Any CPU = Release|Any CPU
	EndGlobalSection
	GlobalSection(ProjectConfigurationPlatforms) = postSolution
		{AC47EFF7-5719-44A7-ABC9-1F26F249068A}.Debug|Any CPU.ActiveCfg = Debug|Any CPU
		{AC47EFF7-5719-44A7-ABC9-1F26F249068A}.Debug|Any CPU.Build.0 = Debug|Any CPU
		{AC47EFF7-5719-44A7-ABC9-1F26F249068A}.Release|Any CPU.ActiveCfg = Release|Any CPU
		{AC47EFF7-5719-44A7-ABC9-1F26F249068A}.Release|Any CPU.Build.0 = Release|Any CPU
	EndGlobalSection
	GlobalSection(SolutionProperties) = preSolution
		HideSolutionNode = FALSE
	EndGlobalSection
	GlobalSection(ExtensibilityGlobals) = postSolution
		SolutionGuid = {41DB8CD7-05DC-4886-B31A-BE35A7D57117}
	EndGlobalSection
EndGlobal
